{
  "version": 4,
  "terraform_version": "1.9.5",
  "serial": 21,
  "lineage": "e7be7230-f111-e288-2368-18f8443f69ed",
  "outputs": {
    "bastion_host_linuxvm_public_ip_address": {
      "value": "104.208.162.251",
      "type": "string"
    },
    "virtual_network_id": {
      "value": "/subscriptions/92882f0b-81c9-4214-8f4b-115816a1938a/resourceGroups/Azure-DEV_rg-default_xveiup/providers/Microsoft.Network/virtualNetworks/Azure-DEV-Default-Vnet",
      "type": "string"
    },
    "virtual_network_name": {
      "value": "Azure-DEV-Default-Vnet",
      "type": "string"
    },
    "web_subnet_id": {
      "value": "/subscriptions/92882f0b-81c9-4214-8f4b-115816a1938a/resourceGroups/Azure-DEV_rg-default_xveiup/providers/Microsoft.Network/virtualNetworks/Azure-DEV-Default-Vnet/subnets/Azure-DEV-Default-Vnet-web_subnet",
      "type": "string"
    },
    "web_subnet_name": {
      "value": "Azure-DEV-Default-Vnet-web_subnet",
      "type": "string"
    },
    "web_subnet_nsg_id": {
      "value": "/subscriptions/92882f0b-81c9-4214-8f4b-115816a1938a/resourceGroups/Azure-DEV_rg-default_xveiup/providers/Microsoft.Network/networkSecurityGroups/Azure-DEV-Default-Vnet-web_subnet-nsg",
      "type": "string"
    },
    "web_subnet_nsg_name": {
      "value": "Azure-DEV-Default-Vnet-web_subnet-nsg",
      "type": "string"
    }
  },
  "resources": [
    {
      "mode": "managed",
      "type": "azurerm_bastion_host",
      "name": "bastion_host",
      "provider": "provider[\"registry.terraform.io/hashicorp/azurerm\"]",
      "instances": [
        {
          "schema_version": 0,
          "attributes": {
            "copy_paste_enabled": true,
            "dns_name": "bst-466e9002-53e3-40f8-b515-595506e46c72.bastion.azure.com",
            "file_copy_enabled": false,
            "id": "/subscriptions/92882f0b-81c9-4214-8f4b-115816a1938a/resourceGroups/Azure-DEV_rg-default_xveiup/providers/Microsoft.Network/bastionHosts/Azure-DEV-bastion-service",
            "ip_configuration": [
              {
                "name": "configuration",
                "public_ip_address_id": "/subscriptions/92882f0b-81c9-4214-8f4b-115816a1938a/resourceGroups/Azure-DEV_rg-default_xveiup/providers/Microsoft.Network/publicIPAddresses/Azure-DEV-bastion-service-publicip",
                "subnet_id": "/subscriptions/92882f0b-81c9-4214-8f4b-115816a1938a/resourceGroups/Azure-DEV_rg-default_xveiup/providers/Microsoft.Network/virtualNetworks/Azure-DEV-Default-Vnet/subnets/AzureBastionSubnet"
              }
            ],
            "ip_connect_enabled": false,
            "kerberos_enabled": false,
            "location": "eastus2",
            "name": "Azure-DEV-bastion-service",
            "resource_group_name": "Azure-DEV_rg-default_xveiup",
            "scale_units": 2,
            "session_recording_enabled": false,
            "shareable_link_enabled": false,
            "sku": "Basic",
            "tags": {},
            "timeouts": null,
            "tunneling_enabled": false,
            "virtual_network_id": ""
          },
          "sensitive_attributes": [],
          "private": "eyJlMmJmYjczMC1lY2FhLTExZTYtOGY4OC0zNDM2M2JjN2M0YzAiOnsiY3JlYXRlIjoxODAwMDAwMDAwMDAwLCJkZWxldGUiOjE4MDAwMDAwMDAwMDAsInJlYWQiOjMwMDAwMDAwMDAwMCwidXBkYXRlIjoxODAwMDAwMDAwMDAwfX0=",
          "dependencies": [
            "azurerm_public_ip.bastion_service_publicip",
            "azurerm_resource_group.MyRG",
            "azurerm_subnet.bastion_service_subnet",
            "azurerm_virtual_network.Vnet",
            "random_string.random"
          ]
        }
      ]
    },
    {
      "mode": "managed",
      "type": "azurerm_network_interface",
      "name": "bastion_host_linuxvm_nic",
      "provider": "provider[\"registry.terraform.io/hashicorp/azurerm\"]",
      "instances": [
        {
          "schema_version": 0,
          "attributes": {
            "accelerated_networking_enabled": false,
            "applied_dns_servers": [],
            "auxiliary_mode": "",
            "auxiliary_sku": "",
            "dns_servers": [],
            "edge_zone": "",
            "id": "/subscriptions/92882f0b-81c9-4214-8f4b-115816a1938a/resourceGroups/Azure-DEV_rg-default_xveiup/providers/Microsoft.Network/networkInterfaces/Azure-DEV-bastion_host_linuxvm_nic",
            "internal_dns_name_label": "",
            "internal_domain_name_suffix": "c33t322yxeuu5b0xlllm2tlw2b.cx.internal.cloudapp.net",
            "ip_configuration": [
              {
                "gateway_load_balancer_frontend_ip_configuration_id": "",
                "name": "bastion-host-ip-1",
                "primary": true,
                "private_ip_address": "10.0.1.5",
                "private_ip_address_allocation": "Dynamic",
                "private_ip_address_version": "IPv4",
                "public_ip_address_id": "/subscriptions/92882f0b-81c9-4214-8f4b-115816a1938a/resourceGroups/Azure-DEV_rg-default_xveiup/providers/Microsoft.Network/publicIPAddresses/Azure-DEV-bastion_host_ip",
                "subnet_id": "/subscriptions/92882f0b-81c9-4214-8f4b-115816a1938a/resourceGroups/Azure-DEV_rg-default_xveiup/providers/Microsoft.Network/virtualNetworks/Azure-DEV-Default-Vnet/subnets/Azure-DEV-Default-Vnet-web_subnet"
              }
            ],
            "ip_forwarding_enabled": false,
            "location": "eastus2",
            "mac_address": "",
            "name": "Azure-DEV-bastion_host_linuxvm_nic",
            "private_ip_address": "10.0.1.5",
            "private_ip_addresses": [
              "10.0.1.5"
            ],
            "resource_group_name": "Azure-DEV_rg-default_xveiup",
            "tags": {},
            "timeouts": null,
            "virtual_machine_id": ""
          },
          "sensitive_attributes": [],
          "private": "eyJlMmJmYjczMC1lY2FhLTExZTYtOGY4OC0zNDM2M2JjN2M0YzAiOnsiY3JlYXRlIjoxODAwMDAwMDAwMDAwLCJkZWxldGUiOjE4MDAwMDAwMDAwMDAsInJlYWQiOjMwMDAwMDAwMDAwMCwidXBkYXRlIjoxODAwMDAwMDAwMDAwfX0=",
          "dependencies": [
            "azurerm_public_ip.bastion_host_ip",
            "azurerm_resource_group.MyRG",
            "azurerm_subnet.web_subnet",
            "azurerm_virtual_network.Vnet",
            "random_string.random"
          ]
        }
      ]
    },
    {
      "mode": "managed",
      "type": "azurerm_network_interface",
      "name": "nic",
      "provider": "provider[\"registry.terraform.io/hashicorp/azurerm\"]",
      "instances": [
        {
          "schema_version": 0,
          "attributes": {
            "accelerated_networking_enabled": false,
            "applied_dns_servers": [],
            "auxiliary_mode": "",
            "auxiliary_sku": "",
            "dns_servers": [],
            "edge_zone": "",
            "id": "/subscriptions/92882f0b-81c9-4214-8f4b-115816a1938a/resourceGroups/Azure-DEV_rg-default_xveiup/providers/Microsoft.Network/networkInterfaces/Azure-DEV-nic",
            "internal_dns_name_label": "",
            "internal_domain_name_suffix": "c33t322yxeuu5b0xlllm2tlw2b.cx.internal.cloudapp.net",
            "ip_configuration": [
              {
                "gateway_load_balancer_frontend_ip_configuration_id": "",
                "name": "web-linuxvm-ip-1",
                "primary": true,
                "private_ip_address": "10.0.1.4",
                "private_ip_address_allocation": "Dynamic",
                "private_ip_address_version": "IPv4",
                "public_ip_address_id": "/subscriptions/92882f0b-81c9-4214-8f4b-115816a1938a/resourceGroups/Azure-DEV_rg-default_xveiup/providers/Microsoft.Network/publicIPAddresses/Azure-DEV-publicip",
                "subnet_id": "/subscriptions/92882f0b-81c9-4214-8f4b-115816a1938a/resourceGroups/Azure-DEV_rg-default_xveiup/providers/Microsoft.Network/virtualNetworks/Azure-DEV-Default-Vnet/subnets/Azure-DEV-Default-Vnet-web_subnet"
              }
            ],
            "ip_forwarding_enabled": false,
            "location": "eastus2",
            "mac_address": "60-45-BD-BD-58-AC",
            "name": "Azure-DEV-nic",
            "private_ip_address": "10.0.1.4",
            "private_ip_addresses": [
              "10.0.1.4"
            ],
            "resource_group_name": "Azure-DEV_rg-default_xveiup",
            "tags": {},
            "timeouts": null,
            "virtual_machine_id": "/subscriptions/92882f0b-81c9-4214-8f4b-115816a1938a/resourceGroups/Azure-DEV_rg-default_xveiup/providers/Microsoft.Compute/virtualMachines/Azure-DEV-web-linuxvm"
          },
          "sensitive_attributes": [],
          "private": "eyJlMmJmYjczMC1lY2FhLTExZTYtOGY4OC0zNDM2M2JjN2M0YzAiOnsiY3JlYXRlIjoxODAwMDAwMDAwMDAwLCJkZWxldGUiOjE4MDAwMDAwMDAwMDAsInJlYWQiOjMwMDAwMDAwMDAwMCwidXBkYXRlIjoxODAwMDAwMDAwMDAwfX0=",
          "dependencies": [
            "azurerm_public_ip.publicip",
            "azurerm_resource_group.MyRG",
            "azurerm_subnet.web_subnet",
            "azurerm_virtual_network.Vnet",
            "random_string.random"
          ]
        }
      ]
    },
    {
      "mode": "managed",
      "type": "azurerm_network_security_group",
      "name": "web_subnet_nsg",
      "provider": "provider[\"registry.terraform.io/hashicorp/azurerm\"]",
      "instances": [
        {
          "schema_version": 0,
          "attributes": {
            "id": "/subscriptions/92882f0b-81c9-4214-8f4b-115816a1938a/resourceGroups/Azure-DEV_rg-default_xveiup/providers/Microsoft.Network/networkSecurityGroups/Azure-DEV-Default-Vnet-web_subnet-nsg",
            "location": "eastus2",
            "name": "Azure-DEV-Default-Vnet-web_subnet-nsg",
            "resource_group_name": "Azure-DEV_rg-default_xveiup",
            "security_rule": [
              {
                "access": "Allow",
                "description": "",
                "destination_address_prefix": "*",
                "destination_address_prefixes": [],
                "destination_application_security_group_ids": [],
                "destination_port_range": "22",
                "destination_port_ranges": [],
                "direction": "Inbound",
                "name": "Rule-Port-22",
                "priority": 120,
                "protocol": "Tcp",
                "source_address_prefix": "*",
                "source_address_prefixes": [],
                "source_application_security_group_ids": [],
                "source_port_range": "*",
                "source_port_ranges": []
              },
              {
                "access": "Allow",
                "description": "",
                "destination_address_prefix": "*",
                "destination_address_prefixes": [],
                "destination_application_security_group_ids": [],
                "destination_port_range": "443",
                "destination_port_ranges": [],
                "direction": "Inbound",
                "name": "Rule-Port-443",
                "priority": 110,
                "protocol": "Tcp",
                "source_address_prefix": "*",
                "source_address_prefixes": [],
                "source_application_security_group_ids": [],
                "source_port_range": "*",
                "source_port_ranges": []
              },
              {
                "access": "Allow",
                "description": "",
                "destination_address_prefix": "*",
                "destination_address_prefixes": [],
                "destination_application_security_group_ids": [],
                "destination_port_range": "80",
                "destination_port_ranges": [],
                "direction": "Inbound",
                "name": "Rule-Port-80",
                "priority": 100,
                "protocol": "Tcp",
                "source_address_prefix": "*",
                "source_address_prefixes": [],
                "source_application_security_group_ids": [],
                "source_port_range": "*",
                "source_port_ranges": []
              }
            ],
            "tags": {},
            "timeouts": null
          },
          "sensitive_attributes": [],
          "private": "eyJlMmJmYjczMC1lY2FhLTExZTYtOGY4OC0zNDM2M2JjN2M0YzAiOnsiY3JlYXRlIjoxODAwMDAwMDAwMDAwLCJkZWxldGUiOjE4MDAwMDAwMDAwMDAsInJlYWQiOjMwMDAwMDAwMDAwMCwidXBkYXRlIjoxODAwMDAwMDAwMDAwfX0=",
          "dependencies": [
            "azurerm_resource_group.MyRG",
            "azurerm_subnet.web_subnet",
            "azurerm_virtual_network.Vnet",
            "random_string.random"
          ]
        }
      ]
    },
    {
      "mode": "managed",
      "type": "azurerm_network_security_rule",
      "name": "web_nsg_rule_inbound",
      "provider": "provider[\"registry.terraform.io/hashicorp/azurerm\"]",
      "instances": [
        {
          "index_key": "100",
          "schema_version": 0,
          "attributes": {
            "access": "Allow",
            "description": "",
            "destination_address_prefix": "*",
            "destination_address_prefixes": [],
            "destination_application_security_group_ids": [],
            "destination_port_range": "80",
            "destination_port_ranges": [],
            "direction": "Inbound",
            "id": "/subscriptions/92882f0b-81c9-4214-8f4b-115816a1938a/resourceGroups/Azure-DEV_rg-default_xveiup/providers/Microsoft.Network/networkSecurityGroups/Azure-DEV-Default-Vnet-web_subnet-nsg/securityRules/Rule-Port-80",
            "name": "Rule-Port-80",
            "network_security_group_name": "Azure-DEV-Default-Vnet-web_subnet-nsg",
            "priority": 100,
            "protocol": "Tcp",
            "resource_group_name": "Azure-DEV_rg-default_xveiup",
            "source_address_prefix": "*",
            "source_address_prefixes": [],
            "source_application_security_group_ids": [],
            "source_port_range": "*",
            "source_port_ranges": [],
            "timeouts": null
          },
          "sensitive_attributes": [],
          "private": "eyJlMmJmYjczMC1lY2FhLTExZTYtOGY4OC0zNDM2M2JjN2M0YzAiOnsiY3JlYXRlIjoxODAwMDAwMDAwMDAwLCJkZWxldGUiOjE4MDAwMDAwMDAwMDAsInJlYWQiOjMwMDAwMDAwMDAwMCwidXBkYXRlIjoxODAwMDAwMDAwMDAwfX0=",
          "dependencies": [
            "azurerm_network_security_group.web_subnet_nsg",
            "azurerm_resource_group.MyRG",
            "azurerm_subnet.web_subnet",
            "azurerm_virtual_network.Vnet",
            "random_string.random"
          ]
        },
        {
          "index_key": "110",
          "schema_version": 0,
          "attributes": {
            "access": "Allow",
            "description": "",
            "destination_address_prefix": "*",
            "destination_address_prefixes": [],
            "destination_application_security_group_ids": [],
            "destination_port_range": "443",
            "destination_port_ranges": [],
            "direction": "Inbound",
            "id": "/subscriptions/92882f0b-81c9-4214-8f4b-115816a1938a/resourceGroups/Azure-DEV_rg-default_xveiup/providers/Microsoft.Network/networkSecurityGroups/Azure-DEV-Default-Vnet-web_subnet-nsg/securityRules/Rule-Port-443",
            "name": "Rule-Port-443",
            "network_security_group_name": "Azure-DEV-Default-Vnet-web_subnet-nsg",
            "priority": 110,
            "protocol": "Tcp",
            "resource_group_name": "Azure-DEV_rg-default_xveiup",
            "source_address_prefix": "*",
            "source_address_prefixes": [],
            "source_application_security_group_ids": [],
            "source_port_range": "*",
            "source_port_ranges": [],
            "timeouts": null
          },
          "sensitive_attributes": [],
          "private": "eyJlMmJmYjczMC1lY2FhLTExZTYtOGY4OC0zNDM2M2JjN2M0YzAiOnsiY3JlYXRlIjoxODAwMDAwMDAwMDAwLCJkZWxldGUiOjE4MDAwMDAwMDAwMDAsInJlYWQiOjMwMDAwMDAwMDAwMCwidXBkYXRlIjoxODAwMDAwMDAwMDAwfX0=",
          "dependencies": [
            "azurerm_network_security_group.web_subnet_nsg",
            "azurerm_resource_group.MyRG",
            "azurerm_subnet.web_subnet",
            "azurerm_virtual_network.Vnet",
            "random_string.random"
          ]
        },
        {
          "index_key": "120",
          "schema_version": 0,
          "attributes": {
            "access": "Allow",
            "description": "",
            "destination_address_prefix": "*",
            "destination_address_prefixes": [],
            "destination_application_security_group_ids": [],
            "destination_port_range": "22",
            "destination_port_ranges": [],
            "direction": "Inbound",
            "id": "/subscriptions/92882f0b-81c9-4214-8f4b-115816a1938a/resourceGroups/Azure-DEV_rg-default_xveiup/providers/Microsoft.Network/networkSecurityGroups/Azure-DEV-Default-Vnet-web_subnet-nsg/securityRules/Rule-Port-22",
            "name": "Rule-Port-22",
            "network_security_group_name": "Azure-DEV-Default-Vnet-web_subnet-nsg",
            "priority": 120,
            "protocol": "Tcp",
            "resource_group_name": "Azure-DEV_rg-default_xveiup",
            "source_address_prefix": "*",
            "source_address_prefixes": [],
            "source_application_security_group_ids": [],
            "source_port_range": "*",
            "source_port_ranges": [],
            "timeouts": null
          },
          "sensitive_attributes": [],
          "private": "eyJlMmJmYjczMC1lY2FhLTExZTYtOGY4OC0zNDM2M2JjN2M0YzAiOnsiY3JlYXRlIjoxODAwMDAwMDAwMDAwLCJkZWxldGUiOjE4MDAwMDAwMDAwMDAsInJlYWQiOjMwMDAwMDAwMDAwMCwidXBkYXRlIjoxODAwMDAwMDAwMDAwfX0=",
          "dependencies": [
            "azurerm_network_security_group.web_subnet_nsg",
            "azurerm_resource_group.MyRG",
            "azurerm_subnet.web_subnet",
            "azurerm_virtual_network.Vnet",
            "random_string.random"
          ]
        }
      ]
    },
    {
      "mode": "managed",
      "type": "azurerm_public_ip",
      "name": "bastion_host_ip",
      "provider": "provider[\"registry.terraform.io/hashicorp/azurerm\"]",
      "instances": [
        {
          "schema_version": 0,
          "attributes": {
            "allocation_method": "Static",
            "ddos_protection_mode": "VirtualNetworkInherited",
            "ddos_protection_plan_id": null,
            "domain_name_label": null,
            "edge_zone": "",
            "fqdn": null,
            "id": "/subscriptions/92882f0b-81c9-4214-8f4b-115816a1938a/resourceGroups/Azure-DEV_rg-default_xveiup/providers/Microsoft.Network/publicIPAddresses/Azure-DEV-bastion_host_ip",
            "idle_timeout_in_minutes": 4,
            "ip_address": "104.208.162.251",
            "ip_tags": {},
            "ip_version": "IPv4",
            "location": "eastus2",
            "name": "Azure-DEV-bastion_host_ip",
            "public_ip_prefix_id": null,
            "resource_group_name": "Azure-DEV_rg-default_xveiup",
            "reverse_fqdn": null,
            "sku": "Standard",
            "sku_tier": "Regional",
            "tags": {},
            "timeouts": null,
            "zones": []
          },
          "sensitive_attributes": [],
          "private": "eyJlMmJmYjczMC1lY2FhLTExZTYtOGY4OC0zNDM2M2JjN2M0YzAiOnsiY3JlYXRlIjoxODAwMDAwMDAwMDAwLCJkZWxldGUiOjE4MDAwMDAwMDAwMDAsInJlYWQiOjMwMDAwMDAwMDAwMCwidXBkYXRlIjoxODAwMDAwMDAwMDAwfX0=",
          "dependencies": [
            "azurerm_resource_group.MyRG",
            "random_string.random"
          ]
        }
      ]
    },
    {
      "mode": "managed",
      "type": "azurerm_public_ip",
      "name": "bastion_service_publicip",
      "provider": "provider[\"registry.terraform.io/hashicorp/azurerm\"]",
      "instances": [
        {
          "schema_version": 0,
          "attributes": {
            "allocation_method": "Static",
            "ddos_protection_mode": "VirtualNetworkInherited",
            "ddos_protection_plan_id": null,
            "domain_name_label": null,
            "edge_zone": "",
            "fqdn": null,
            "id": "/subscriptions/92882f0b-81c9-4214-8f4b-115816a1938a/resourceGroups/Azure-DEV_rg-default_xveiup/providers/Microsoft.Network/publicIPAddresses/Azure-DEV-bastion-service-publicip",
            "idle_timeout_in_minutes": 4,
            "ip_address": "104.209.253.119",
            "ip_tags": {},
            "ip_version": "IPv4",
            "location": "eastus2",
            "name": "Azure-DEV-bastion-service-publicip",
            "public_ip_prefix_id": null,
            "resource_group_name": "Azure-DEV_rg-default_xveiup",
            "reverse_fqdn": null,
            "sku": "Standard",
            "sku_tier": "Regional",
            "tags": {},
            "timeouts": null,
            "zones": []
          },
          "sensitive_attributes": [],
          "private": "eyJlMmJmYjczMC1lY2FhLTExZTYtOGY4OC0zNDM2M2JjN2M0YzAiOnsiY3JlYXRlIjoxODAwMDAwMDAwMDAwLCJkZWxldGUiOjE4MDAwMDAwMDAwMDAsInJlYWQiOjMwMDAwMDAwMDAwMCwidXBkYXRlIjoxODAwMDAwMDAwMDAwfX0=",
          "dependencies": [
            "azurerm_resource_group.MyRG",
            "random_string.random"
          ]
        }
      ]
    },
    {
      "mode": "managed",
      "type": "azurerm_public_ip",
      "name": "publicip",
      "provider": "provider[\"registry.terraform.io/hashicorp/azurerm\"]",
      "instances": [
        {
          "schema_version": 0,
          "attributes": {
            "allocation_method": "Static",
            "ddos_protection_mode": "VirtualNetworkInherited",
            "ddos_protection_plan_id": null,
            "domain_name_label": null,
            "edge_zone": "",
            "fqdn": null,
            "id": "/subscriptions/92882f0b-81c9-4214-8f4b-115816a1938a/resourceGroups/Azure-DEV_rg-default_xveiup/providers/Microsoft.Network/publicIPAddresses/Azure-DEV-publicip",
            "idle_timeout_in_minutes": 4,
            "ip_address": "104.208.163.23",
            "ip_tags": {},
            "ip_version": "IPv4",
            "location": "eastus2",
            "name": "Azure-DEV-publicip",
            "public_ip_prefix_id": null,
            "resource_group_name": "Azure-DEV_rg-default_xveiup",
            "reverse_fqdn": null,
            "sku": "Standard",
            "sku_tier": "Regional",
            "tags": {},
            "timeouts": null,
            "zones": []
          },
          "sensitive_attributes": [],
          "private": "eyJlMmJmYjczMC1lY2FhLTExZTYtOGY4OC0zNDM2M2JjN2M0YzAiOnsiY3JlYXRlIjoxODAwMDAwMDAwMDAwLCJkZWxldGUiOjE4MDAwMDAwMDAwMDAsInJlYWQiOjMwMDAwMDAwMDAwMCwidXBkYXRlIjoxODAwMDAwMDAwMDAwfX0=",
          "dependencies": [
            "azurerm_resource_group.MyRG",
            "random_string.random"
          ]
        }
      ]
    },
    {
      "mode": "managed",
      "type": "azurerm_resource_group",
      "name": "MyRG",
      "provider": "provider[\"registry.terraform.io/hashicorp/azurerm\"]",
      "instances": [
        {
          "schema_version": 0,
          "attributes": {
            "id": "/subscriptions/92882f0b-81c9-4214-8f4b-115816a1938a/resourceGroups/Azure-DEV_rg-default_xveiup",
            "location": "eastus2",
            "managed_by": "",
            "name": "Azure-DEV_rg-default_xveiup",
            "tags": {
              "environment": "DEV",
              "owners": "Azure"
            },
            "timeouts": null
          },
          "sensitive_attributes": [],
          "private": "eyJlMmJmYjczMC1lY2FhLTExZTYtOGY4OC0zNDM2M2JjN2M0YzAiOnsiY3JlYXRlIjo1NDAwMDAwMDAwMDAwLCJkZWxldGUiOjU0MDAwMDAwMDAwMDAsInJlYWQiOjMwMDAwMDAwMDAwMCwidXBkYXRlIjo1NDAwMDAwMDAwMDAwfX0=",
          "dependencies": [
            "random_string.random"
          ]
        }
      ]
    },
    {
      "mode": "managed",
      "type": "azurerm_subnet",
      "name": "bastion_service_subnet",
      "provider": "provider[\"registry.terraform.io/hashicorp/azurerm\"]",
      "instances": [
        {
          "schema_version": 0,
          "attributes": {
            "address_prefixes": [
              "10.0.101.0/27"
            ],
            "default_outbound_access_enabled": true,
            "delegation": [],
            "id": "/subscriptions/92882f0b-81c9-4214-8f4b-115816a1938a/resourceGroups/Azure-DEV_rg-default_xveiup/providers/Microsoft.Network/virtualNetworks/Azure-DEV-Default-Vnet/subnets/AzureBastionSubnet",
            "name": "AzureBastionSubnet",
            "private_endpoint_network_policies": "Disabled",
            "private_link_service_network_policies_enabled": true,
            "resource_group_name": "Azure-DEV_rg-default_xveiup",
            "service_endpoint_policy_ids": [],
            "service_endpoints": [],
            "timeouts": null,
            "virtual_network_name": "Azure-DEV-Default-Vnet"
          },
          "sensitive_attributes": [],
          "private": "eyJlMmJmYjczMC1lY2FhLTExZTYtOGY4OC0zNDM2M2JjN2M0YzAiOnsiY3JlYXRlIjoxODAwMDAwMDAwMDAwLCJkZWxldGUiOjE4MDAwMDAwMDAwMDAsInJlYWQiOjMwMDAwMDAwMDAwMCwidXBkYXRlIjoxODAwMDAwMDAwMDAwfX0=",
          "dependencies": [
            "azurerm_resource_group.MyRG",
            "azurerm_virtual_network.Vnet",
            "random_string.random"
          ]
        }
      ]
    },
    {
      "mode": "managed",
      "type": "azurerm_subnet",
      "name": "web_subnet",
      "provider": "provider[\"registry.terraform.io/hashicorp/azurerm\"]",
      "instances": [
        {
          "schema_version": 0,
          "attributes": {
            "address_prefixes": [
              "10.0.1.0/24"
            ],
            "default_outbound_access_enabled": true,
            "delegation": [],
            "id": "/subscriptions/92882f0b-81c9-4214-8f4b-115816a1938a/resourceGroups/Azure-DEV_rg-default_xveiup/providers/Microsoft.Network/virtualNetworks/Azure-DEV-Default-Vnet/subnets/Azure-DEV-Default-Vnet-web_subnet",
            "name": "Azure-DEV-Default-Vnet-web_subnet",
            "private_endpoint_network_policies": "Disabled",
            "private_link_service_network_policies_enabled": true,
            "resource_group_name": "Azure-DEV_rg-default_xveiup",
            "service_endpoint_policy_ids": [],
            "service_endpoints": [],
            "timeouts": null,
            "virtual_network_name": "Azure-DEV-Default-Vnet"
          },
          "sensitive_attributes": [],
          "private": "eyJlMmJmYjczMC1lY2FhLTExZTYtOGY4OC0zNDM2M2JjN2M0YzAiOnsiY3JlYXRlIjoxODAwMDAwMDAwMDAwLCJkZWxldGUiOjE4MDAwMDAwMDAwMDAsInJlYWQiOjMwMDAwMDAwMDAwMCwidXBkYXRlIjoxODAwMDAwMDAwMDAwfX0=",
          "dependencies": [
            "azurerm_resource_group.MyRG",
            "azurerm_virtual_network.Vnet",
            "random_string.random"
          ]
        }
      ]
    },
    {
      "mode": "managed",
      "type": "azurerm_subnet_network_security_group_association",
      "name": "web_subnet_nsg_associate",
      "provider": "provider[\"registry.terraform.io/hashicorp/azurerm\"]",
      "instances": [
        {
          "schema_version": 0,
          "attributes": {
            "id": "/subscriptions/92882f0b-81c9-4214-8f4b-115816a1938a/resourceGroups/Azure-DEV_rg-default_xveiup/providers/Microsoft.Network/virtualNetworks/Azure-DEV-Default-Vnet/subnets/Azure-DEV-Default-Vnet-web_subnet",
            "network_security_group_id": "/subscriptions/92882f0b-81c9-4214-8f4b-115816a1938a/resourceGroups/Azure-DEV_rg-default_xveiup/providers/Microsoft.Network/networkSecurityGroups/Azure-DEV-Default-Vnet-web_subnet-nsg",
            "subnet_id": "/subscriptions/92882f0b-81c9-4214-8f4b-115816a1938a/resourceGroups/Azure-DEV_rg-default_xveiup/providers/Microsoft.Network/virtualNetworks/Azure-DEV-Default-Vnet/subnets/Azure-DEV-Default-Vnet-web_subnet",
            "timeouts": null
          },
          "sensitive_attributes": [],
          "private": "eyJlMmJmYjczMC1lY2FhLTExZTYtOGY4OC0zNDM2M2JjN2M0YzAiOnsiY3JlYXRlIjoxODAwMDAwMDAwMDAwLCJkZWxldGUiOjE4MDAwMDAwMDAwMDAsInJlYWQiOjMwMDAwMDAwMDAwMH19",
          "dependencies": [
            "azurerm_network_security_group.web_subnet_nsg",
            "azurerm_network_security_rule.web_nsg_rule_inbound",
            "azurerm_resource_group.MyRG",
            "azurerm_subnet.web_subnet",
            "azurerm_virtual_network.Vnet",
            "random_string.random"
          ]
        }
      ]
    },
    {
      "mode": "managed",
      "type": "azurerm_virtual_machine",
      "name": "web_linux",
      "provider": "provider[\"registry.terraform.io/hashicorp/azurerm\"]",
      "instances": [
        {
          "schema_version": 0,
          "attributes": {
            "additional_capabilities": [],
            "availability_set_id": null,
            "boot_diagnostics": [],
            "delete_data_disks_on_termination": false,
            "delete_os_disk_on_termination": false,
            "id": "/subscriptions/92882f0b-81c9-4214-8f4b-115816a1938a/resourceGroups/Azure-DEV_rg-default_xveiup/providers/Microsoft.Compute/virtualMachines/Azure-DEV-web-linuxvm",
            "identity": [],
            "license_type": null,
            "location": "eastus2",
            "name": "Azure-DEV-web-linuxvm",
            "network_interface_ids": [
              "/subscriptions/92882f0b-81c9-4214-8f4b-115816a1938a/resourceGroups/Azure-DEV_rg-default_xveiup/providers/Microsoft.Network/networkInterfaces/Azure-DEV-nic"
            ],
            "os_profile": [
              {
                "admin_password": "",
                "admin_username": "azureuser",
                "computer_name": "web-linux-vm",
                "custom_data": ""
              }
            ],
            "os_profile_linux_config": [
              {
                "disable_password_authentication": false,
                "ssh_keys": []
              }
            ],
            "os_profile_secrets": [],
            "os_profile_windows_config": [],
            "plan": [],
            "primary_network_interface_id": null,
            "proximity_placement_group_id": null,
            "resource_group_name": "Azure-DEV_rg-default_xveiup",
            "storage_data_disk": [],
            "storage_image_reference": [
              {
                "id": "",
                "offer": "RHEL",
                "publisher": "RedHat",
                "sku": "83-gen2",
                "version": "latest"
              }
            ],
            "storage_os_disk": [
              {
                "caching": "ReadWrite",
                "create_option": "FromImage",
                "disk_size_gb": 64,
                "image_uri": "",
                "managed_disk_id": "/subscriptions/92882f0b-81c9-4214-8f4b-115816a1938a/resourceGroups/Azure-DEV_rg-default_xveiup/providers/Microsoft.Compute/disks/myosdisk1",
                "managed_disk_type": "Standard_LRS",
                "name": "myosdisk1",
                "os_type": "Linux",
                "vhd_uri": "",
                "write_accelerator_enabled": false
              }
            ],
            "tags": {
              "department": "IT",
              "environment": "Production"
            },
            "timeouts": null,
            "vm_size": "Standard_DS1_v2",
            "zones": []
          },
          "sensitive_attributes": [
            [
              {
                "type": "get_attr",
                "value": "os_profile"
              }
            ]
          ],
          "private": "eyJlMmJmYjczMC1lY2FhLTExZTYtOGY4OC0zNDM2M2JjN2M0YzAiOnsiY3JlYXRlIjozNjAwMDAwMDAwMDAwLCJkZWxldGUiOjM2MDAwMDAwMDAwMDAsInJlYWQiOjMwMDAwMDAwMDAwMCwidXBkYXRlIjozNjAwMDAwMDAwMDAwfX0=",
          "dependencies": [
            "azurerm_network_interface.nic",
            "azurerm_public_ip.publicip",
            "azurerm_resource_group.MyRG",
            "azurerm_subnet.web_subnet",
            "azurerm_virtual_network.Vnet",
            "random_string.random"
          ]
        }
      ]
    },
    {
      "mode": "managed",
      "type": "azurerm_virtual_network",
      "name": "Vnet",
      "provider": "provider[\"registry.terraform.io/hashicorp/azurerm\"]",
      "instances": [
        {
          "schema_version": 0,
          "attributes": {
            "address_space": [
              "10.0.0.0/16"
            ],
            "bgp_community": "",
            "ddos_protection_plan": [],
            "dns_servers": [],
            "edge_zone": "",
            "encryption": [],
            "flow_timeout_in_minutes": 0,
            "guid": "f33e7b17-b998-4f29-8757-5ad6ce4d76e1",
            "id": "/subscriptions/92882f0b-81c9-4214-8f4b-115816a1938a/resourceGroups/Azure-DEV_rg-default_xveiup/providers/Microsoft.Network/virtualNetworks/Azure-DEV-Default-Vnet",
            "location": "eastus2",
            "name": "Azure-DEV-Default-Vnet",
            "resource_group_name": "Azure-DEV_rg-default_xveiup",
            "subnet": [
              {
                "address_prefixes": [
                  "10.0.1.0/24"
                ],
                "default_outbound_access_enabled": true,
                "delegation": [],
                "id": "/subscriptions/92882f0b-81c9-4214-8f4b-115816a1938a/resourceGroups/Azure-DEV_rg-default_xveiup/providers/Microsoft.Network/virtualNetworks/Azure-DEV-Default-Vnet/subnets/Azure-DEV-Default-Vnet-web_subnet",
                "name": "Azure-DEV-Default-Vnet-web_subnet",
                "private_endpoint_network_policies": "Disabled",
                "private_link_service_network_policies_enabled": true,
                "route_table_id": "",
                "security_group": "/subscriptions/92882f0b-81c9-4214-8f4b-115816a1938a/resourceGroups/Azure-DEV_rg-default_xveiup/providers/Microsoft.Network/networkSecurityGroups/Azure-DEV-Default-Vnet-web_subnet-nsg",
                "service_endpoint_policy_ids": [],
                "service_endpoints": []
              },
              {
                "address_prefixes": [
                  "10.0.101.0/27"
                ],
                "default_outbound_access_enabled": true,
                "delegation": [],
                "id": "/subscriptions/92882f0b-81c9-4214-8f4b-115816a1938a/resourceGroups/Azure-DEV_rg-default_xveiup/providers/Microsoft.Network/virtualNetworks/Azure-DEV-Default-Vnet/subnets/AzureBastionSubnet",
                "name": "AzureBastionSubnet",
                "private_endpoint_network_policies": "Disabled",
                "private_link_service_network_policies_enabled": true,
                "route_table_id": "",
                "security_group": "",
                "service_endpoint_policy_ids": [],
                "service_endpoints": []
              }
            ],
            "tags": {
              "environment": "DEV",
              "owners": "Azure"
            },
            "timeouts": null
          },
          "sensitive_attributes": [],
          "private": "eyJlMmJmYjczMC1lY2FhLTExZTYtOGY4OC0zNDM2M2JjN2M0YzAiOnsiY3JlYXRlIjoxODAwMDAwMDAwMDAwLCJkZWxldGUiOjE4MDAwMDAwMDAwMDAsInJlYWQiOjMwMDAwMDAwMDAwMCwidXBkYXRlIjoxODAwMDAwMDAwMDAwfX0=",
          "dependencies": [
            "azurerm_resource_group.MyRG",
            "random_string.random"
          ]
        }
      ]
    },
    {
      "mode": "managed",
      "type": "random_string",
      "name": "random",
      "provider": "provider[\"registry.terraform.io/hashicorp/random\"]",
      "instances": [
        {
          "schema_version": 2,
          "attributes": {
            "id": "xveiup",
            "keepers": null,
            "length": 6,
            "lower": true,
            "min_lower": 0,
            "min_numeric": 0,
            "min_special": 0,
            "min_upper": 0,
            "number": false,
            "numeric": false,
            "override_special": null,
            "result": "xveiup",
            "special": false,
            "upper": false
          },
          "sensitive_attributes": []
        }
      ]
    }
  ],
  "check_results": null
}
